hash: 255fb9a0334149646b182eb77534fdc2cb789d6d3ffcbc5112f7c58b5ecac9d7
updated: 2017-07-12T16:36:33.501949707-07:00
imports:
- name: github.com/apache/thrift
  version: 9549b25c77587b29be4e0b5c258221a4ed85d37a
  subpackages:
  - lib/go/thrift
- name: github.com/davecgh/go-spew
  version: 04cdfd42973bb9c8589fd6a731800cf222fde1a9
  subpackages:
  - spew
- name: github.com/facebookgo/clock
  version: 600d898af40aa09a7a93ecb9265d87b0504b6f03
- name: github.com/opentracing/opentracing-go
  version: aaf6cd9717693889e097bc6df95358a0600a34f1
  subpackages:
  - ext
  - log
- name: github.com/pborman/uuid
  version: a97ce2ca70fa5a848076093f05e639a89ca34d06
- name: github.com/pmezard/go-difflib
  version: d8ed2627bdf02c080bf22230dbb337003b7aba2d
  subpackages:
  - difflib
- name: github.com/stretchr/objx
  version: cbeaeb16a013161a98496fad62933b1d21786672
- name: github.com/stretchr/testify
  version: e964b172ca7f4c322ee4c39ea605ff53fab44f79
  subpackages:
  - assert
  - mock
  - require
  - suite
- name: github.com/uber-go/atomic
  version: e682c1008ac17bf26d2e4b5ad6cdd08520ed0b22
- name: github.com/uber-go/tally
  version: e9b601813b0be4771b1b3995390567b67ab2b3fc
- name: github.com/uber/tchannel-go
  version: 0b7f160817553b0bacb5b108dd84a5022dbdd1c4
  subpackages:
  - internal/argreader
  - relay
  - thrift
  - thrift/gen-go/meta
  - tnet
  - trand
  - typed
- name: go.uber.org/atomic
  version: 4e336646b2ef9fc6e47be8e21594178f98e5ebcf
- name: go.uber.org/zap
  version: fab453050a7a08c35f31fc5fff6f2dbd962285ab
  subpackages:
  - buffer
  - internal/bufferpool
  - internal/color
  - internal/exit
  - internal/multierror
  - zapcore
- name: golang.org/x/net
  version: f01ecb60fe3835d80d9a0b7b2bf24b228c89260e
  subpackages:
  - context
testImports:
- name: github.com/sirupsen/logrus
  version: ba1b36c82c5e05c4f912a88eab0dcd91a171688f
- name: golang.org/x/sys
  version: abf9c25f54453410d0c6668e519582a9e1115027
  subpackages:
  - unix
