# This file is autogenerated, do not edit; changes may be undone by the next 'dep ensure'.


[[projects]]
  name = "github.com/apache/thrift"
  packages = ["lib/go/thrift"]
  revision = "9549b25c77587b29be4e0b5c258221a4ed85d37a"

[[projects]]
  branch = "master"
  name = "github.com/beorn7/perks"
  packages = ["quantile"]
  revision = "3a771d992973f24aa725d07868b467d1ddfceafb"

[[projects]]
  name = "github.com/davecgh/go-spew"
  packages = ["spew"]
  revision = "346938d642f2ec3594ed81d874461961cd0faa76"
  version = "v1.1.0"

[[projects]]
  branch = "master"
  name = "github.com/facebookgo/clock"
  packages = ["."]
  revision = "600d898af40aa09a7a93ecb9265d87b0504b6f03"

[[projects]]
  name = "github.com/golang/mock"
  packages = ["gomock"]
  revision = "c34cdb4725f4c3844d095133c6e40e448b86589b"
  version = "v1.1.1"

[[projects]]
  name = "github.com/golang/protobuf"
  packages = ["proto"]
  revision = "e09c5db296004fbe3f74490e84dcd62c3c5ddb1b"

[[projects]]
  name = "github.com/matttproud/golang_protobuf_extensions"
  packages = ["pbutil"]
  revision = "c12348ce28de40eed0136aa2b644d0ee0650e56c"
  version = "v1.0.1"

[[projects]]
  name = "github.com/opentracing/opentracing-go"
  packages = [
    ".",
    "ext",
    "log"
  ]
  revision = "1949ddbfd147afd4d964a9f00b24eb291e0e7c38"
  version = "v1.0.2"

[[projects]]
  name = "github.com/pborman/uuid"
  packages = ["."]
  revision = "a97ce2ca70fa5a848076093f05e639a89ca34d06"
  version = "v1.0"

[[projects]]
  name = "github.com/pmezard/go-difflib"
  packages = ["difflib"]
  revision = "792786c7400a136282c1664665ae0a8db921c6c2"
  version = "v1.0.0"

[[projects]]
  name = "github.com/prometheus/client_golang"
  packages = [
    "prometheus",
    "prometheus/promhttp"
  ]
  revision = "c5b7fccd204277076155f10851dad72b76a49317"
  version = "v0.8.0"

[[projects]]
  name = "github.com/prometheus/client_model"
  packages = ["go"]
  revision = "99fa1f4be8e564e8a6b613da7fa6f46c9edafc6c"

[[projects]]
  name = "github.com/prometheus/common"
  packages = [
    "expfmt",
    "internal/bitbucket.org/ww/goautoneg",
    "model"
  ]
  revision = "2f17f4a9d485bf34b4bfaccc273805040e4f86c8"

[[projects]]
  name = "github.com/prometheus/procfs"
  packages = [
    ".",
    "internal/util",
    "nfs",
    "xfs"
  ]
  revision = "780932d4fbbe0e69b84c34c20f5c8d0981e109ea"

[[projects]]
  name = "github.com/sirupsen/logrus"
  packages = ["."]
  revision = "ba1b36c82c5e05c4f912a88eab0dcd91a171688f"
  version = "v0.11.5"

[[projects]]
  name = "github.com/stretchr/objx"
  packages = ["."]
  revision = "477a77ecc69700c7cdeb1fa9e129548e1c1c393c"
  version = "v0.1.1"

[[projects]]
  name = "github.com/stretchr/testify"
  packages = [
    "assert",
    "mock",
    "require",
    "suite"
  ]
  revision = "12b6f73e6084dad08a7c6e575284b177ecafbc71"
  version = "v1.2.1"

[[projects]]
  name = "github.com/uber-go/tally"
  packages = ["."]
  revision = "6c4631652c6aab57c64f65c2e0aaec2e9aae3a64"
  version = "v3.3.1"

[[projects]]
  name = "github.com/uber/tchannel-go"
  packages = [
    ".",
    "atomic",
    "thrift",
    "thrift/gen-go/meta",
    "tnet",
    "typed"
  ]
  revision = "ebbdb72d34776a9d97fe099f9e2b795eaf3fa512"
  version = "v1.0.6"

[[projects]]
  name = "go.uber.org/atomic"
  packages = ["."]
  revision = "1ea20fb1cbb1cc08cbd0d913a96dead89aa18289"
  version = "v1.3.2"

[[projects]]
  name = "go.uber.org/multierr"
  packages = ["."]
  revision = "3c4937480c32f4c13a875a1829af76c98ca3d40a"
  version = "v1.1.0"

[[projects]]
  name = "go.uber.org/net/metrics"
  packages = [
    ".",
    "bucket",
    "push",
    "tallypush"
  ]
  revision = "1e19de5b971489a45d178e12a0f72a78c70e300e"
  version = "v1.0.1"

[[projects]]
  name = "go.uber.org/thriftrw"
  packages = [
    "envelope",
    "internal/envelope/exception",
    "protocol",
    "protocol/binary",
    "thriftreflect",
    "version",
    "wire"
  ]
  revision = "43dfafd7bb1c99f0460d645a1959b73f6dfa536f"
  version = "v1.11.0"

[[projects]]
  name = "go.uber.org/yarpc"
  packages = [
    ".",
    "api/encoding",
    "api/middleware",
    "api/transport",
    "encoding/thrift",
    "encoding/thrift/internal",
    "internal",
    "internal/bufferpool",
    "internal/digester",
    "internal/errorsync",
    "internal/humanize",
    "internal/inboundmiddleware",
    "internal/introspection",
    "internal/observability",
    "internal/outboundmiddleware",
    "internal/request",
    "pkg/encoding",
    "pkg/errors",
    "pkg/lifecycle",
    "pkg/procedure",
    "yarpcerrors"
  ]
  revision = "4ac8938c1046d4db2dc26a1436699935a8c5bb35"
  version = "v1.29.1"

[[projects]]
  name = "go.uber.org/zap"
  packages = [
    ".",
    "buffer",
    "internal/bufferpool",
    "internal/color",
    "internal/exit",
    "zapcore"
  ]
  revision = "eeedf312bc6c57391d84767a4cd413f02a917974"
  version = "v1.8.0"

[[projects]]
  name = "golang.org/x/net"
  packages = ["context"]
  revision = "6c89489cafabcbc76df9dbf84ebf07204673fecf"
  source = "golang.org/x/net"

[[projects]]
  branch = "master"
  name = "golang.org/x/sys"
  packages = ["unix"]
  revision = "d0be0721c37eeb5299f245a996a483160fc36940"
  source = "golang.org/x/sys"

[[projects]]
  name = "golang.org/x/time"
  packages = ["rate"]
  revision = "6dc17368e09b0e8634d71cac8168d853e869a0c7"

[solve-meta]
  analyzer-name = "dep"
  analyzer-version = 1
  inputs-digest = "d5ef62239aecf1834c42523f157cab0ff642baae6298e7d199449548d0f2245a"
  solver-name = "gps-cdcl"
  solver-version = 1
